
Microsoft Visual Studio Solution File, Format Version 12.00
# Visual Studio Version 16
VisualStudioVersion = 16.0.30804.86
MinimumVisualStudioVersion = 10.0.40219.1
Project("{FAE04EC0-301F-11D3-BF4B-00C04F79EFBC}") = "WindowsFormsAppyki", "WindowsFormsAppyki\WindowsFormsAppyki.csproj", "{3990CFD6-ABE7-43DC-82F9-DA03C1372425}"
EndProject
Global
	GlobalSection(SolutionConfigurationPlatforms) = preSolution
		Debug|Any CPU = Debug|Any CPU
		Release|Any CPU = Release|Any CPU
	EndGlobalSection
	GlobalSection(ProjectConfigurationPlatforms) = postSolution
		{3990CFD6-ABE7-43DC-82F9-DA03C1372425}.Debug|Any CPU.ActiveCfg = Debug|Any CPU
		{3990CFD6-ABE7-43DC-82F9-DA03C1372425}.Debug|Any CPU.Build.0 = Debug|Any CPU
		{3990CFD6-ABE7-43DC-82F9-DA03C1372425}.Release|Any CPU.ActiveCfg = Release|Any CPU
		{3990CFD6-ABE7-43DC-82F9-DA03C1372425}.Release|Any CPU.Build.0 = Release|Any CPU
	EndGlobalSection
	GlobalSection(SolutionProperties) = preSolution
		HideSolutionNode = FALSE
	EndGlobalSection
	GlobalSection(ExtensibilityGlobals) = postSolution
		SolutionGuid = {54954EF7-7080-4FE1-90F0-F612A7610A93}
	EndGlobalSection
EndGlobal
